
Microsoft Visual Studio Solution File, Format Version 12.00
# Visual Studio Version 16
VisualStudioVersion = 16.0.31205.134
MinimumVisualStudioVersion = 10.0.40219.1
Project("{FAE04EC0-301F-11D3-BF4B-00C04F79EFBC}") = "JobSearchAssistant.Server", "JobSearchAssistant\Server\JobSearchAssistant.Server.csproj", "{A9F14667-E0BF-431E-9DD6-DE3EF04A67FF}"
EndProject
Project("{FAE04EC0-301F-11D3-BF4B-00C04F79EFBC}") = "JobSearchAssistant.Client", "JobSearchAssistant\Client\JobSearchAssistant.Client.csproj", "{D6B07050-294F-4C48-A8F5-0D43AD7CEA7D}"
EndProject
Project("{FAE04EC0-301F-11D3-BF4B-00C04F79EFBC}") = "JobSearchAssistant.Shared", "JobSearchAssistant\Shared\JobSearchAssistant.Shared.csproj", "{7D693E66-6B0D-4D5E-8B1C-459FB02CB89A}"
EndProject
Global
	GlobalSection(SolutionConfigurationPlatforms) = preSolution
		Debug|Any CPU = Debug|Any CPU
		Release|Any CPU = Release|Any CPU
	EndGlobalSection
	GlobalSection(ProjectConfigurationPlatforms) = postSolution
		{A9F14667-E0BF-431E-9DD6-DE3EF04A67FF}.Debug|Any CPU.ActiveCfg = Debug|Any CPU
		{A9F14667-E0BF-431E-9DD6-DE3EF04A67FF}.Debug|Any CPU.Build.0 = Debug|Any CPU
		{A9F14667-E0BF-431E-9DD6-DE3EF04A67FF}.Release|Any CPU.ActiveCfg = Release|Any CPU
		{A9F14667-E0BF-431E-9DD6-DE3EF04A67FF}.Release|Any CPU.Build.0 = Release|Any CPU
		{D6B07050-294F-4C48-A8F5-0D43AD7CEA7D}.Debug|Any CPU.ActiveCfg = Debug|Any CPU
		{D6B07050-294F-4C48-A8F5-0D43AD7CEA7D}.Debug|Any CPU.Build.0 = Debug|Any CPU
		{D6B07050-294F-4C48-A8F5-0D43AD7CEA7D}.Release|Any CPU.ActiveCfg = Release|Any CPU
		{D6B07050-294F-4C48-A8F5-0D43AD7CEA7D}.Release|Any CPU.Build.0 = Release|Any CPU
		{7D693E66-6B0D-4D5E-8B1C-459FB02CB89A}.Debug|Any CPU.ActiveCfg = Debug|Any CPU
		{7D693E66-6B0D-4D5E-8B1C-459FB02CB89A}.Debug|Any CPU.Build.0 = Debug|Any CPU
		{7D693E66-6B0D-4D5E-8B1C-459FB02CB89A}.Release|Any CPU.ActiveCfg = Release|Any CPU
		{7D693E66-6B0D-4D5E-8B1C-459FB02CB89A}.Release|Any CPU.Build.0 = Release|Any CPU
	EndGlobalSection
	GlobalSection(SolutionProperties) = preSolution
		HideSolutionNode = FALSE
	EndGlobalSection
	GlobalSection(ExtensibilityGlobals) = postSolution
		SolutionGuid = {04756486-AA29-4FF4-9AB8-4B30A1363A4A}
	EndGlobalSection
EndGlobal
